{
  "name": "catcms-web",
  "version": "0.0.1",
  "lockfileVersion": 1,
  "requires": true,
  "dependencies": {
    "@react-web/async-loader": {
      "version": "0.1.1",
      "resolved": "https://registry.npmjs.org/@react-web/async-loader/-/async-loader-0.1.1.tgz",
      "integrity": "sha512-LfHFrYaRt0tkGyyEamA+M9FI9UnwMmstToo37GP9n6a3lS3I3upCM2AxErWSPUu/nwBBwuh4T4jAwk27zNAbJQ=="
    }
  }
}
